// !$*UTF8*$!
{
	archiveVersion = 1;
	classes = {
	};
	objectVersion = 56;
	objects = {

/* Begin PBXBuildFile section */
		FB07B0DB2CD2A53300F116AD /* RickAndMortyAppApp.swift in Sources */ = {isa = PBXBuildFile; fileRef = FB07B0DA2CD2A53300F116AD /* RickAndMortyAppApp.swift */; };
		FB07B0DD2CD2A53300F116AD /* ContentView.swift in Sources */ = {isa = PBXBuildFile; fileRef = FB07B0DC2CD2A53300F116AD /* ContentView.swift */; };
		FB07B0DF2CD2A53400F116AD /* Assets.xcassets in Resources */ = {isa = PBXBuildFile; fileRef = FB07B0DE2CD2A53400F116AD /* Assets.xcassets */; };
		FB07B0E22CD2A53400F116AD /* Preview Assets.xcassets in Resources */ = {isa = PBXBuildFile; fileRef = FB07B0E12CD2A53400F116AD /* Preview Assets.xcassets */; };
		FB07B0EF2CD2A5B800F116AD /* LoginView.swift in Sources */ = {isa = PBXBuildFile; fileRef = FB07B0EE2CD2A5B800F116AD /* LoginView.swift */; };
		FB07B0F12CD2AE9400F116AD /* HttpRequestHelper.swift in Sources */ = {isa = PBXBuildFile; fileRef = FB07B0F02CD2AE9400F116AD /* HttpRequestHelper.swift */; };
		FB07B0F32CD2AEE800F116AD /* LoginRequest.swift in Sources */ = {isa = PBXBuildFile; fileRef = FB07B0F22CD2AEE800F116AD /* LoginRequest.swift */; };
		FB07B0F52CD2AEF900F116AD /* LoginResponse.swift in Sources */ = {isa = PBXBuildFile; fileRef = FB07B0F42CD2AEF900F116AD /* LoginResponse.swift */; };
		FB07B0F72CD2C34B00F116AD /* AuthService.swift in Sources */ = {isa = PBXBuildFile; fileRef = FB07B0F62CD2C34B00F116AD /* AuthService.swift */; };
		FB07B0F92CD2D31900F116AD /* CharacterResponse.swift in Sources */ = {isa = PBXBuildFile; fileRef = FB07B0F82CD2D31900F116AD /* CharacterResponse.swift */; };
		FB07B0FB2CD2D38900F116AD /* CharacterService.swift in Sources */ = {isa = PBXBuildFile; fileRef = FB07B0FA2CD2D38900F116AD /* CharacterService.swift */; };
/* End PBXBuildFile section */

/* Begin PBXFileReference section */
		FB07B0D72CD2A53300F116AD /* RickAndMortyApp.app */ = {isa = PBXFileReference; explicitFileType = wrapper.application; includeInIndex = 0; path = RickAndMortyApp.app; sourceTree = BUILT_PRODUCTS_DIR; };
		FB07B0DA2CD2A53300F116AD /* RickAndMortyAppApp.swift */ = {isa = PBXFileReference; lastKnownFileType = sourcecode.swift; path = RickAndMortyAppApp.swift; sourceTree = "<group>"; };
		FB07B0DC2CD2A53300F116AD /* ContentView.swift */ = {isa = PBXFileReference; lastKnownFileType = sourcecode.swift; path = ContentView.swift; sourceTree = "<group>"; };
		FB07B0DE2CD2A53400F116AD /* Assets.xcassets */ = {isa = PBXFileReference; lastKnownFileType = folder.assetcatalog; path = Assets.xcassets; sourceTree = "<group>"; };
		FB07B0E12CD2A53400F116AD /* Preview Assets.xcassets */ = {isa = PBXFileReference; lastKnownFileType = folder.assetcatalog; path = "Preview Assets.xcassets"; sourceTree = "<group>"; };
		FB07B0EE2CD2A5B800F116AD /* LoginView.swift */ = {isa = PBXFileReference; lastKnownFileType = sourcecode.swift; path = LoginView.swift; sourceTree = "<group>"; };
		FB07B0F02CD2AE9400F116AD /* HttpRequestHelper.swift */ = {isa = PBXFileReference; lastKnownFileType = sourcecode.swift; path = HttpRequestHelper.swift; sourceTree = "<group>"; };
		FB07B0F22CD2AEE800F116AD /* LoginRequest.swift */ = {isa = PBXFileReference; lastKnownFileType = sourcecode.swift; path = LoginRequest.swift; sourceTree = "<group>"; };
		FB07B0F42CD2AEF900F116AD /* LoginResponse.swift */ = {isa = PBXFileReference; lastKnownFileType = sourcecode.swift; path = LoginResponse.swift; sourceTree = "<group>"; };
		FB07B0F62CD2C34B00F116AD /* AuthService.swift */ = {isa = PBXFileReference; lastKnownFileType = sourcecode.swift; path = AuthService.swift; sourceTree = "<group>"; };
		FB07B0F82CD2D31900F116AD /* CharacterResponse.swift */ = {isa = PBXFileReference; lastKnownFileType = sourcecode.swift; path = CharacterResponse.swift; sourceTree = "<group>"; };
		FB07B0FA2CD2D38900F116AD /* CharacterService.swift */ = {isa = PBXFileReference; lastKnownFileType = sourcecode.swift; path = CharacterService.swift; sourceTree = "<group>"; };
/* End PBXFileReference section */

/* Begin PBXFrameworksBuildPhase section */
		FB07B0D42CD2A53300F116AD /* Frameworks */ = {
			isa = PBXFrameworksBuildPhase;
			buildActionMask = 2147483647;
			files = (
			);
			runOnlyForDeploymentPostprocessing = 0;
		};
/* End PBXFrameworksBuildPhase section */

/* Begin PBXGroup section */
		FB07B0CE2CD2A53300F116AD = {
			isa = PBXGroup;
			children = (
				FB07B0D92CD2A53300F116AD /* RickAndMortyApp */,
				FB07B0D82CD2A53300F116AD /* Products */,
			);
			sourceTree = "<group>";
		};
		FB07B0D82CD2A53300F116AD /* Products */ = {
			isa = PBXGroup;
			children = (
				FB07B0D72CD2A53300F116AD /* RickAndMortyApp.app */,
			);
			name = Products;
			sourceTree = "<group>";
		};
		FB07B0D92CD2A53300F116AD /* RickAndMortyApp */ = {
			isa = PBXGroup;
			children = (
				FB07B0ED2CD2A59A00F116AD /* Views */,
				FB07B0EB2CD2A57A00F116AD /* ViewModels */,
				FB07B0EA2CD2A57200F116AD /* Helpers */,
				FB07B0E92CD2A56600F116AD /* Services */,
				FB07B0DA2CD2A53300F116AD /* RickAndMortyAppApp.swift */,
				FB07B0DC2CD2A53300F116AD /* ContentView.swift */,
				FB07B0E82CD2A54B00F116AD /* Models */,
				FB07B0DE2CD2A53400F116AD /* Assets.xcassets */,
				FB07B0E02CD2A53400F116AD /* Preview Content */,
			);
			path = RickAndMortyApp;
			sourceTree = "<group>";
		};
		FB07B0E02CD2A53400F116AD /* Preview Content */ = {
			isa = PBXGroup;
			children = (
				FB07B0E12CD2A53400F116AD /* Preview Assets.xcassets */,
			);
			path = "Preview Content";
			sourceTree = "<group>";
		};
		FB07B0E82CD2A54B00F116AD /* Models */ = {
			isa = PBXGroup;
			children = (
			);
			path = Models;
			sourceTree = "<group>";
		};
		FB07B0E92CD2A56600F116AD /* Services */ = {
			isa = PBXGroup;
			children = (
				FB07B0F62CD2C34B00F116AD /* AuthService.swift */,
				FB07B0F22CD2AEE800F116AD /* LoginRequest.swift */,
				FB07B0F42CD2AEF900F116AD /* LoginResponse.swift */,
				FB07B0F82CD2D31900F116AD /* CharacterResponse.swift */,
				FB07B0FA2CD2D38900F116AD /* CharacterService.swift */,
			);
			path = Services;
			sourceTree = "<group>";
		};
		FB07B0EA2CD2A57200F116AD /* Helpers */ = {
			isa = PBXGroup;
			children = (
				FB07B0F02CD2AE9400F116AD /* HttpRequestHelper.swift */,
			);
			path = Helpers;
			sourceTree = "<group>";
		};
		FB07B0EB2CD2A57A00F116AD /* ViewModels */ = {
			isa = PBXGroup;
			children = (
			);
			path = ViewModels;
			sourceTree = "<group>";
		};
		FB07B0ED2CD2A59A00F116AD /* Views */ = {
			isa = PBXGroup;
			children = (
				FB07B0EE2CD2A5B800F116AD /* LoginView.swift */,
			);
			path = Views;
			sourceTree = "<group>";
		};
/* End PBXGroup section */

/* Begin PBXNativeTarget section */
		FB07B0D62CD2A53300F116AD /* RickAndMortyApp */ = {
			isa = PBXNativeTarget;
			buildConfigurationList = FB07B0E52CD2A53400F116AD /* Build configuration list for PBXNativeTarget "RickAndMortyApp" */;
			buildPhases = (
				FB07B0D32CD2A53300F116AD /* Sources */,
				FB07B0D42CD2A53300F116AD /* Frameworks */,
				FB07B0D52CD2A53300F116AD /* Resources */,
			);
			buildRules = (
			);
			dependencies = (
			);
			name = RickAndMortyApp;
			productName = RickAndMortyApp;
			productReference = FB07B0D72CD2A53300F116AD /* RickAndMortyApp.app */;
			productType = "com.apple.product-type.application";
		};
/* End PBXNativeTarget section */

/* Begin PBXProject section */
		FB07B0CF2CD2A53300F116AD /* Project object */ = {
			isa = PBXProject;
			attributes = {
				BuildIndependentTargetsInParallel = 1;
				LastSwiftUpdateCheck = 1520;
				LastUpgradeCheck = 1520;
				TargetAttributes = {
					FB07B0D62CD2A53300F116AD = {
						CreatedOnToolsVersion = 15.2;
					};
				};
			};
			buildConfigurationList = FB07B0D22CD2A53300F116AD /* Build configuration list for PBXProject "RickAndMortyApp" */;
			compatibilityVersion = "Xcode 14.0";
			developmentRegion = en;
			hasScannedForEncodings = 0;
			knownRegions = (
				en,
				Base,
			);
			mainGroup = FB07B0CE2CD2A53300F116AD;
			productRefGroup = FB07B0D82CD2A53300F116AD /* Products */;
			projectDirPath = "";
			projectRoot = "";
			targets = (
				FB07B0D62CD2A53300F116AD /* RickAndMortyApp */,
			);
		};
/* End PBXProject section */

/* Begin PBXResourcesBuildPhase section */
		FB07B0D52CD2A53300F116AD /* Resources */ = {
			isa = PBXResourcesBuildPhase;
			buildActionMask = 2147483647;
			files = (
				FB07B0E22CD2A53400F116AD /* Preview Assets.xcassets in Resources */,
				FB07B0DF2CD2A53400F116AD /* Assets.xcassets in Resources */,
			);
			runOnlyForDeploymentPostprocessing = 0;
		};
/* End PBXResourcesBuildPhase section */

/* Begin PBXSourcesBuildPhase section */
		FB07B0D32CD2A53300F116AD /* Sources */ = {
			isa = PBXSourcesBuildPhase;
			buildActionMask = 2147483647;
			files = (
				FB07B0EF2CD2A5B800F116AD /* LoginView.swift in Sources */,
				FB07B0DD2CD2A53300F116AD /* ContentView.swift in Sources */,
				FB07B0F52CD2AEF900F116AD /* LoginResponse.swift in Sources */,
				FB07B0DB2CD2A53300F116AD /* RickAndMortyAppApp.swift in Sources */,
				FB07B0F32CD2AEE800F116AD /* LoginRequest.swift in Sources */,
				FB07B0F12CD2AE9400F116AD /* HttpRequestHelper.swift in Sources */,
				FB07B0FB2CD2D38900F116AD /* CharacterService.swift in Sources */,
				FB07B0F92CD2D31900F116AD /* CharacterResponse.swift in Sources */,
				FB07B0F72CD2C34B00F116AD /* AuthService.swift in Sources */,
			);
			runOnlyForDeploymentPostprocessing = 0;
		};
/* End PBXSourcesBuildPhase section */

/* Begin XCBuildConfiguration section */
		FB07B0E32CD2A53400F116AD /* Debug */ = {
			isa = XCBuildConfiguration;
			buildSettings = {
				ALWAYS_SEARCH_USER_PATHS = NO;
				ASSETCATALOG_COMPILER_GENERATE_SWIFT_ASSET_SYMBOL_EXTENSIONS = YES;
				CLANG_ANALYZER_NONNULL = YES;
				CLANG_ANALYZER_NUMBER_OBJECT_CONVERSION = YES_AGGRESSIVE;
				CLANG_CXX_LANGUAGE_STANDARD = "gnu++20";
				CLANG_ENABLE_MODULES = YES;
				CLANG_ENABLE_OBJC_ARC = YES;
				CLANG_ENABLE_OBJC_WEAK = YES;
				CLANG_WARN_BLOCK_CAPTURE_AUTORELEASING = YES;
				CLANG_WARN_BOOL_CONVERSION = YES;
				CLANG_WARN_COMMA = YES;
				CLANG_WARN_CONSTANT_CONVERSION = YES;
				CLANG_WARN_DEPRECATED_OBJC_IMPLEMENTATIONS = YES;
				CLANG_WARN_DIRECT_OBJC_ISA_USAGE = YES_ERROR;
				CLANG_WARN_DOCUMENTATION_COMMENTS = YES;
				CLANG_WARN_EMPTY_BODY = YES;
				CLANG_WARN_ENUM_CONVERSION = YES;
				CLANG_WARN_INFINITE_RECURSION = YES;
				CLANG_WARN_INT_CONVERSION = YES;
				CLANG_WARN_NON_LITERAL_NULL_CONVERSION = YES;
				CLANG_WARN_OBJC_IMPLICIT_RETAIN_SELF = YES;
				CLANG_WARN_OBJC_LITERAL_CONVERSION = YES;
				CLANG_WARN_OBJC_ROOT_CLASS = YES_ERROR;
				CLANG_WARN_QUOTED_INCLUDE_IN_FRAMEWORK_HEADER = YES;
				CLANG_WARN_RANGE_LOOP_ANALYSIS = YES;
				CLANG_WARN_STRICT_PROTOTYPES = YES;
				CLANG_WARN_SUSPICIOUS_MOVE = YES;
				CLANG_WARN_UNGUARDED_AVAILABILITY = YES_AGGRESSIVE;
				CLANG_WARN_UNREACHABLE_CODE = YES;
				CLANG_WARN__DUPLICATE_METHOD_MATCH = YES;
				COPY_PHASE_STRIP = NO;
				DEBUG_INFORMATION_FORMAT = dwarf;
				ENABLE_STRICT_OBJC_MSGSEND = YES;
				ENABLE_TESTABILITY = YES;
				ENABLE_USER_SCRIPT_SANDBOXING = YES;
				GCC_C_LANGUAGE_STANDARD = gnu17;
				GCC_DYNAMIC_NO_PIC = NO;
				GCC_NO_COMMON_BLOCKS = YES;
				GCC_OPTIMIZATION_LEVEL = 0;
				GCC_PREPROCESSOR_DEFINITIONS = (
					"DEBUG=1",
					"$(inherited)",
				);
				GCC_WARN_64_TO_32_BIT_CONVERSION = YES;
				GCC_WARN_ABOUT_RETURN_TYPE = YES_ERROR;
				GCC_WARN_UNDECLARED_SELECTOR = YES;
				GCC_WARN_UNINITIALIZED_AUTOS = YES_AGGRESSIVE;
				GCC_WARN_UNUSED_FUNCTION = YES;
				GCC_WARN_UNUSED_VARIABLE = YES;
				IPHONEOS_DEPLOYMENT_TARGET = 17.2;
				LOCALIZATION_PREFERS_STRING_CATALOGS = YES;
				MTL_ENABLE_DEBUG_INFO = INCLUDE_SOURCE;
				MTL_FAST_MATH = YES;
				ONLY_ACTIVE_ARCH = YES;
				SDKROOT = iphoneos;
				SWIFT_ACTIVE_COMPILATION_CONDITIONS = "DEBUG $(inherited)";
				SWIFT_OPTIMIZATION_LEVEL = "-Onone";
			};
			name = Debug;
		};
		FB07B0E42CD2A53400F116AD /* Release */ = {
			isa = XCBuildConfiguration;
			buildSettings = {
				ALWAYS_SEARCH_USER_PATHS = NO;
				ASSETCATALOG_COMPILER_GENERATE_SWIFT_ASSET_SYMBOL_EXTENSIONS = YES;
				CLANG_ANALYZER_NONNULL = YES;
				CLANG_ANALYZER_NUMBER_OBJECT_CONVERSION = YES_AGGRESSIVE;
				CLANG_CXX_LANGUAGE_STANDARD = "gnu++20";
				CLANG_ENABLE_MODULES = YES;
				CLANG_ENABLE_OBJC_ARC = YES;
				CLANG_ENABLE_OBJC_WEAK = YES;
				CLANG_WARN_BLOCK_CAPTURE_AUTORELEASING = YES;
				CLANG_WARN_BOOL_CONVERSION = YES;
				CLANG_WARN_COMMA = YES;
				CLANG_WARN_CONSTANT_CONVERSION = YES;
				CLANG_WARN_DEPRECATED_OBJC_IMPLEMENTATIONS = YES;
				CLANG_WARN_DIRECT_OBJC_ISA_USAGE = YES_ERROR;
				CLANG_WARN_DOCUMENTATION_COMMENTS = YES;
				CLANG_WARN_EMPTY_BODY = YES;
				CLANG_WARN_ENUM_CONVERSION = YES;
				CLANG_WARN_INFINITE_RECURSION = YES;
				CLANG_WARN_INT_CONVERSION = YES;
				CLANG_WARN_NON_LITERAL_NULL_CONVERSION = YES;
				CLANG_WARN_OBJC_IMPLICIT_RETAIN_SELF = YES;
				CLANG_WARN_OBJC_LITERAL_CONVERSION = YES;
				CLANG_WARN_OBJC_ROOT_CLASS = YES_ERROR;
				CLANG_WARN_QUOTED_INCLUDE_IN_FRAMEWORK_HEADER = YES;
				CLANG_WARN_RANGE_LOOP_ANALYSIS = YES;
				CLANG_WARN_STRICT_PROTOTYPES = YES;
				CLANG_WARN_SUSPICIOUS_MOVE = YES;
				CLANG_WARN_UNGUARDED_AVAILABILITY = YES_AGGRESSIVE;
				CLANG_WARN_UNREACHABLE_CODE = YES;
				CLANG_WARN__DUPLICATE_METHOD_MATCH = YES;
				COPY_PHASE_STRIP = NO;
				DEBUG_INFORMATION_FORMAT = "dwarf-with-dsym";
				ENABLE_NS_ASSERTIONS = NO;
				ENABLE_STRICT_OBJC_MSGSEND = YES;
				ENABLE_USER_SCRIPT_SANDBOXING = YES;
				GCC_C_LANGUAGE_STANDARD = gnu17;
				GCC_NO_COMMON_BLOCKS = YES;
				GCC_WARN_64_TO_32_BIT_CONVERSION = YES;
				GCC_WARN_ABOUT_RETURN_TYPE = YES_ERROR;
				GCC_WARN_UNDECLARED_SELECTOR = YES;
				GCC_WARN_UNINITIALIZED_AUTOS = YES_AGGRESSIVE;
				GCC_WARN_UNUSED_FUNCTION = YES;
				GCC_WARN_UNUSED_VARIABLE = YES;
				IPHONEOS_DEPLOYMENT_TARGET = 17.2;
				LOCALIZATION_PREFERS_STRING_CATALOGS = YES;
				MTL_ENABLE_DEBUG_INFO = NO;
				MTL_FAST_MATH = YES;
				SDKROOT = iphoneos;
				SWIFT_COMPILATION_MODE = wholemodule;
				VALIDATE_PRODUCT = YES;
			};
			name = Release;
		};
		FB07B0E62CD2A53400F116AD /* Debug */ = {
			isa = XCBuildConfiguration;
			buildSettings = {
				ASSETCATALOG_COMPILER_APPICON_NAME = AppIcon;
				ASSETCATALOG_COMPILER_GLOBAL_ACCENT_COLOR_NAME = AccentColor;
				CODE_SIGN_STYLE = Automatic;
				CURRENT_PROJECT_VERSION = 1;
				DEVELOPMENT_ASSET_PATHS = "\"RickAndMortyApp/Preview Content\"";
				ENABLE_PREVIEWS = YES;
				GENERATE_INFOPLIST_FILE = YES;
				INFOPLIST_KEY_UIApplicationSceneManifest_Generation = YES;
				INFOPLIST_KEY_UIApplicationSupportsIndirectInputEvents = YES;
				INFOPLIST_KEY_UILaunchScreen_Generation = YES;
				INFOPLIST_KEY_UISupportedInterfaceOrientations_iPad = "UIInterfaceOrientationPortrait UIInterfaceOrientationPortraitUpsideDown UIInterfaceOrientationLandscapeLeft UIInterfaceOrientationLandscapeRight";
				INFOPLIST_KEY_UISupportedInterfaceOrientations_iPhone = "UIInterfaceOrientationPortrait UIInterfaceOrientationLandscapeLeft UIInterfaceOrientationLandscapeRight";
				LD_RUNPATH_SEARCH_PATHS = (
					"$(inherited)",
					"@executable_path/Frameworks",
				);
				MARKETING_VERSION = 1.0;
				PRODUCT_BUNDLE_IDENTIFIER = com.pe.RickAndMortyApp;
				PRODUCT_NAME = "$(TARGET_NAME)";
				SWIFT_EMIT_LOC_STRINGS = YES;
				SWIFT_VERSION = 5.0;
				TARGETED_DEVICE_FAMILY = "1,2";
			};
			name = Debug;
		};
		FB07B0E72CD2A53400F116AD /* Release */ = {
			isa = XCBuildConfiguration;
			buildSettings = {
				ASSETCATALOG_COMPILER_APPICON_NAME = AppIcon;
				ASSETCATALOG_COMPILER_GLOBAL_ACCENT_COLOR_NAME = AccentColor;
				CODE_SIGN_STYLE = Automatic;
				CURRENT_PROJECT_VERSION = 1;
				DEVELOPMENT_ASSET_PATHS = "\"RickAndMortyApp/Preview Content\"";
				ENABLE_PREVIEWS = YES;
				GENERATE_INFOPLIST_FILE = YES;
				INFOPLIST_KEY_UIApplicationSceneManifest_Generation = YES;
				INFOPLIST_KEY_UIApplicationSupportsIndirectInputEvents = YES;
				INFOPLIST_KEY_UILaunchScreen_Generation = YES;
				INFOPLIST_KEY_UISupportedInterfaceOrientations_iPad = "UIInterfaceOrientationPortrait UIInterfaceOrientationPortraitUpsideDown UIInterfaceOrientationLandscapeLeft UIInterfaceOrientationLandscapeRight";
				INFOPLIST_KEY_UISupportedInterfaceOrientations_iPhone = "UIInterfaceOrientationPortrait UIInterfaceOrientationLandscapeLeft UIInterfaceOrientationLandscapeRight";
				LD_RUNPATH_SEARCH_PATHS = (
					"$(inherited)",
					"@executable_path/Frameworks",
				);
				MARKETING_VERSION = 1.0;
				PRODUCT_BUNDLE_IDENTIFIER = com.pe.RickAndMortyApp;
				PRODUCT_NAME = "$(TARGET_NAME)";
				SWIFT_EMIT_LOC_STRINGS = YES;
				SWIFT_VERSION = 5.0;
				TARGETED_DEVICE_FAMILY = "1,2";
			};
			name = Release;
		};
/* End XCBuildConfiguration section */

/* Begin XCConfigurationList section */
		FB07B0D22CD2A53300F116AD /* Build configuration list for PBXProject "RickAndMortyApp" */ = {
			isa = XCConfigurationList;
			buildConfigurations = (
				FB07B0E32CD2A53400F116AD /* Debug */,
				FB07B0E42CD2A53400F116AD /* Release */,
			);
			defaultConfigurationIsVisible = 0;
			defaultConfigurationName = Release;
		};
		FB07B0E52CD2A53400F116AD /* Build configuration list for PBXNativeTarget "RickAndMortyApp" */ = {
			isa = XCConfigurationList;
			buildConfigurations = (
				FB07B0E62CD2A53400F116AD /* Debug */,
				FB07B0E72CD2A53400F116AD /* Release */,
			);
			defaultConfigurationIsVisible = 0;
			defaultConfigurationName = Release;
		};
/* End XCConfigurationList section */
	};
	rootObject = FB07B0CF2CD2A53300F116AD /* Project object */;
}
